// !$*UTF8*$!
{
	archiveVersion = 1;
	classes = {
	};
	objectVersion = 46;
	objects = {

/* Begin PBXBuildFile section */
		2512C083633F7128EBBAAC7C /* Pods.framework in Frameworks */ = {isa = PBXBuildFile; fileRef = 69FA461268239BAB7AE1591F /* Pods.framework */; };
		810E15BB1C114F3E0030F97C /* Fabric.framework in Frameworks */ = {isa = PBXBuildFile; fileRef = 810E15B71C114F3E0030F97C /* Fabric.framework */; };
		810E15BC1C114F3E0030F97C /* TwitterKit.framework in Frameworks */ = {isa = PBXBuildFile; fileRef = 810E15B81C114F3E0030F97C /* TwitterKit.framework */; };
		810E15BD1C114F3E0030F97C /* TwitterKitResources.bundle in Resources */ = {isa = PBXBuildFile; fileRef = 810E15B91C114F3E0030F97C /* TwitterKitResources.bundle */; };
		810E15BE1C114F3E0030F97C /* TwitterCore.framework in Frameworks */ = {isa = PBXBuildFile; fileRef = 810E15BA1C114F3E0030F97C /* TwitterCore.framework */; };
		816BDA661C102387002A95E1 /* AppDelegate.swift in Sources */ = {isa = PBXBuildFile; fileRef = 816BDA651C102387002A95E1 /* AppDelegate.swift */; };
		816BDA681C102387002A95E1 /* TweetsViewController.swift in Sources */ = {isa = PBXBuildFile; fileRef = 816BDA671C102387002A95E1 /* TweetsViewController.swift */; };
		816BDA6B1C102388002A95E1 /* Main.storyboard in Resources */ = {isa = PBXBuildFile; fileRef = 816BDA691C102388002A95E1 /* Main.storyboard */; };
		816BDA6E1C102388002A95E1 /* Nearby_Tweets.xcdatamodeld in Sources */ = {isa = PBXBuildFile; fileRef = 816BDA6C1C102388002A95E1 /* Nearby_Tweets.xcdatamodeld */; };
		816BDA701C102388002A95E1 /* Assets.xcassets in Resources */ = {isa = PBXBuildFile; fileRef = 816BDA6F1C102388002A95E1 /* Assets.xcassets */; };
		816BDA731C102388002A95E1 /* LaunchScreen.storyboard in Resources */ = {isa = PBXBuildFile; fileRef = 816BDA711C102388002A95E1 /* LaunchScreen.storyboard */; };
		816BDA7E1C102388002A95E1 /* Nearby_TweetsTests.swift in Sources */ = {isa = PBXBuildFile; fileRef = 816BDA7D1C102388002A95E1 /* Nearby_TweetsTests.swift */; };
		816BDA891C102388002A95E1 /* Nearby_TweetsUITests.swift in Sources */ = {isa = PBXBuildFile; fileRef = 816BDA881C102388002A95E1 /* Nearby_TweetsUITests.swift */; };
		8176B3411C194619005F2A23 /* TimelineViewController.swift in Sources */ = {isa = PBXBuildFile; fileRef = 8176B3401C194619005F2A23 /* TimelineViewController.swift */; };
		81A38E791C22447C00587AE8 /* Podfile in Resources */ = {isa = PBXBuildFile; fileRef = 81A38E781C22447C00587AE8 /* Podfile */; };
/* End PBXBuildFile section */

/* Begin PBXContainerItemProxy section */
		816BDA7A1C102388002A95E1 /* PBXContainerItemProxy */ = {
			isa = PBXContainerItemProxy;
			containerPortal = 816BDA5A1C102387002A95E1 /* Project object */;
			proxyType = 1;
			remoteGlobalIDString = 816BDA611C102387002A95E1;
			remoteInfo = "Nearby Tweets";
		};
		816BDA851C102388002A95E1 /* PBXContainerItemProxy */ = {
			isa = PBXContainerItemProxy;
			containerPortal = 816BDA5A1C102387002A95E1 /* Project object */;
			proxyType = 1;
			remoteGlobalIDString = 816BDA611C102387002A95E1;
			remoteInfo = "Nearby Tweets";
		};
/* End PBXContainerItemProxy section */

/* Begin PBXFileReference section */
		260A61CEB658D8D390BE6E80 /* Pods.debug.xcconfig */ = {isa = PBXFileReference; includeInIndex = 1; lastKnownFileType = text.xcconfig; name = Pods.debug.xcconfig; path = "Pods/Target Support Files/Pods/Pods.debug.xcconfig"; sourceTree = "<group>"; };
		4C77F6C212425208733AF431 /* Pods.release.xcconfig */ = {isa = PBXFileReference; includeInIndex = 1; lastKnownFileType = text.xcconfig; name = Pods.release.xcconfig; path = "Pods/Target Support Files/Pods/Pods.release.xcconfig"; sourceTree = "<group>"; };
		69FA461268239BAB7AE1591F /* Pods.framework */ = {isa = PBXFileReference; explicitFileType = wrapper.framework; includeInIndex = 0; path = Pods.framework; sourceTree = BUILT_PRODUCTS_DIR; };
		810E15B71C114F3E0030F97C /* Fabric.framework */ = {isa = PBXFileReference; lastKnownFileType = wrapper.framework; path = Fabric.framework; sourceTree = "<group>"; };
		810E15B81C114F3E0030F97C /* TwitterKit.framework */ = {isa = PBXFileReference; lastKnownFileType = wrapper.framework; path = TwitterKit.framework; sourceTree = "<group>"; };
		810E15B91C114F3E0030F97C /* TwitterKitResources.bundle */ = {isa = PBXFileReference; lastKnownFileType = "wrapper.plug-in"; name = TwitterKitResources.bundle; path = TwitterKit.framework/Versions/A/Resources/TwitterKitResources.bundle; sourceTree = "<group>"; };
		810E15BA1C114F3E0030F97C /* TwitterCore.framework */ = {isa = PBXFileReference; lastKnownFileType = wrapper.framework; path = TwitterCore.framework; sourceTree = "<group>"; };
		816BDA621C102387002A95E1 /* Nearby Tweets.app */ = {isa = PBXFileReference; explicitFileType = wrapper.application; includeInIndex = 0; path = "Nearby Tweets.app"; sourceTree = BUILT_PRODUCTS_DIR; };
		816BDA651C102387002A95E1 /* AppDelegate.swift */ = {isa = PBXFileReference; lastKnownFileType = sourcecode.swift; path = AppDelegate.swift; sourceTree = "<group>"; };
		816BDA671C102387002A95E1 /* TweetsViewController.swift */ = {isa = PBXFileReference; lastKnownFileType = sourcecode.swift; path = TweetsViewController.swift; sourceTree = "<group>"; };
		816BDA6A1C102388002A95E1 /* Base */ = {isa = PBXFileReference; lastKnownFileType = file.storyboard; name = Base; path = Base.lproj/Main.storyboard; sourceTree = "<group>"; };
		816BDA6D1C102388002A95E1 /* Nearby_Tweets.xcdatamodel */ = {isa = PBXFileReference; lastKnownFileType = wrapper.xcdatamodel; path = Nearby_Tweets.xcdatamodel; sourceTree = "<group>"; };
		816BDA6F1C102388002A95E1 /* Assets.xcassets */ = {isa = PBXFileReference; lastKnownFileType = folder.assetcatalog; path = Assets.xcassets; sourceTree = "<group>"; };
		816BDA721C102388002A95E1 /* Base */ = {isa = PBXFileReference; lastKnownFileType = file.storyboard; name = Base; path = Base.lproj/LaunchScreen.storyboard; sourceTree = "<group>"; };
		816BDA741C102388002A95E1 /* Info.plist */ = {isa = PBXFileReference; lastKnownFileType = text.plist.xml; path = Info.plist; sourceTree = "<group>"; };
		816BDA791C102388002A95E1 /* Nearby TweetsTests.xctest */ = {isa = PBXFileReference; explicitFileType = wrapper.cfbundle; includeInIndex = 0; path = "Nearby TweetsTests.xctest"; sourceTree = BUILT_PRODUCTS_DIR; };
		816BDA7D1C102388002A95E1 /* Nearby_TweetsTests.swift */ = {isa = PBXFileReference; lastKnownFileType = sourcecode.swift; path = Nearby_TweetsTests.swift; sourceTree = "<group>"; };
		816BDA7F1C102388002A95E1 /* Info.plist */ = {isa = PBXFileReference; lastKnownFileType = text.plist.xml; path = Info.plist; sourceTree = "<group>"; };
		816BDA841C102388002A95E1 /* Nearby TweetsUITests.xctest */ = {isa = PBXFileReference; explicitFileType = wrapper.cfbundle; includeInIndex = 0; path = "Nearby TweetsUITests.xctest"; sourceTree = BUILT_PRODUCTS_DIR; };
		816BDA881C102388002A95E1 /* Nearby_TweetsUITests.swift */ = {isa = PBXFileReference; lastKnownFileType = sourcecode.swift; path = Nearby_TweetsUITests.swift; sourceTree = "<group>"; };
		816BDA8A1C102388002A95E1 /* Info.plist */ = {isa = PBXFileReference; lastKnownFileType = text.plist.xml; path = Info.plist; sourceTree = "<group>"; };
		8176B3401C194619005F2A23 /* TimelineViewController.swift */ = {isa = PBXFileReference; fileEncoding = 4; lastKnownFileType = sourcecode.swift; path = TimelineViewController.swift; sourceTree = "<group>"; };
		81A38E781C22447C00587AE8 /* Podfile */ = {isa = PBXFileReference; fileEncoding = 4; lastKnownFileType = text; path = Podfile; sourceTree = "<group>"; };
/* End PBXFileReference section */

/* Begin PBXFrameworksBuildPhase section */
		816BDA5F1C102387002A95E1 /* Frameworks */ = {
			isa = PBXFrameworksBuildPhase;
			buildActionMask = 2147483647;
			files = (
				810E15BB1C114F3E0030F97C /* Fabric.framework in Frameworks */,
				810E15BE1C114F3E0030F97C /* TwitterCore.framework in Frameworks */,
				810E15BC1C114F3E0030F97C /* TwitterKit.framework in Frameworks */,
				2512C083633F7128EBBAAC7C /* Pods.framework in Frameworks */,
			);
			runOnlyForDeploymentPostprocessing = 0;
		};
		816BDA761C102388002A95E1 /* Frameworks */ = {
			isa = PBXFrameworksBuildPhase;
			buildActionMask = 2147483647;
			files = (
			);
			runOnlyForDeploymentPostprocessing = 0;
		};
		816BDA811C102388002A95E1 /* Frameworks */ = {
			isa = PBXFrameworksBuildPhase;
			buildActionMask = 2147483647;
			files = (
			);
			runOnlyForDeploymentPostprocessing = 0;
		};
/* End PBXFrameworksBuildPhase section */

/* Begin PBXGroup section */
		816BDA591C102387002A95E1 = {
			isa = PBXGroup;
			children = (
				81A38E781C22447C00587AE8 /* Podfile */,
				810E15B71C114F3E0030F97C /* Fabric.framework */,
				810E15B81C114F3E0030F97C /* TwitterKit.framework */,
				810E15B91C114F3E0030F97C /* TwitterKitResources.bundle */,
				810E15BA1C114F3E0030F97C /* TwitterCore.framework */,
				816BDA641C102387002A95E1 /* Nearby Tweets */,
				816BDA7C1C102388002A95E1 /* Nearby TweetsTests */,
				816BDA871C102388002A95E1 /* Nearby TweetsUITests */,
				816BDA631C102387002A95E1 /* Products */,
				EC45D7D629E8E4D2EB3DD53A /* Pods */,
				E805EE2D333401B969F60037 /* Frameworks */,
			);
			sourceTree = "<group>";
		};
		816BDA631C102387002A95E1 /* Products */ = {
			isa = PBXGroup;
			children = (
				816BDA621C102387002A95E1 /* Nearby Tweets.app */,
				816BDA791C102388002A95E1 /* Nearby TweetsTests.xctest */,
				816BDA841C102388002A95E1 /* Nearby TweetsUITests.xctest */,
			);
			name = Products;
			sourceTree = "<group>";
		};
		816BDA641C102387002A95E1 /* Nearby Tweets */ = {
			isa = PBXGroup;
			children = (
				816BDA651C102387002A95E1 /* AppDelegate.swift */,
				816BDA671C102387002A95E1 /* TweetsViewController.swift */,
				8176B3401C194619005F2A23 /* TimelineViewController.swift */,
				816BDA691C102388002A95E1 /* Main.storyboard */,
				816BDA6F1C102388002A95E1 /* Assets.xcassets */,
				816BDA711C102388002A95E1 /* LaunchScreen.storyboard */,
				816BDA741C102388002A95E1 /* Info.plist */,
				816BDA6C1C102388002A95E1 /* Nearby_Tweets.xcdatamodeld */,
			);
			path = "Nearby Tweets";
			sourceTree = "<group>";
		};
		816BDA7C1C102388002A95E1 /* Nearby TweetsTests */ = {
			isa = PBXGroup;
			children = (
				816BDA7D1C102388002A95E1 /* Nearby_TweetsTests.swift */,
				816BDA7F1C102388002A95E1 /* Info.plist */,
			);
			path = "Nearby TweetsTests";
			sourceTree = "<group>";
		};
		816BDA871C102388002A95E1 /* Nearby TweetsUITests */ = {
			isa = PBXGroup;
			children = (
				816BDA881C102388002A95E1 /* Nearby_TweetsUITests.swift */,
				816BDA8A1C102388002A95E1 /* Info.plist */,
			);
			path = "Nearby TweetsUITests";
			sourceTree = "<group>";
		};
		E805EE2D333401B969F60037 /* Frameworks */ = {
			isa = PBXGroup;
			children = (
				69FA461268239BAB7AE1591F /* Pods.framework */,
			);
			name = Frameworks;
			sourceTree = "<group>";
		};
		EC45D7D629E8E4D2EB3DD53A /* Pods */ = {
			isa = PBXGroup;
			children = (
				260A61CEB658D8D390BE6E80 /* Pods.debug.xcconfig */,
				4C77F6C212425208733AF431 /* Pods.release.xcconfig */,
			);
			name = Pods;
			sourceTree = "<group>";
		};
/* End PBXGroup section */

/* Begin PBXNativeTarget section */
		816BDA611C102387002A95E1 /* Nearby Tweets */ = {
			isa = PBXNativeTarget;
			buildConfigurationList = 816BDA8D1C102388002A95E1 /* Build configuration list for PBXNativeTarget "Nearby Tweets" */;
			buildPhases = (
				37528EC47FA923D9C2BAB716 /* Check Pods Manifest.lock */,
				816BDA5E1C102387002A95E1 /* Sources */,
				816BDA5F1C102387002A95E1 /* Frameworks */,
				816BDA601C102387002A95E1 /* Resources */,
				810E15B61C114ED40030F97C /* ShellScript */,
				C148CDC8931093D7ADAC09CE /* Embed Pods Frameworks */,
				74CBA426614B3CA4CC31D34D /* Copy Pods Resources */,
			);
			buildRules = (
			);
			dependencies = (
			);
			name = "Nearby Tweets";
			productName = "Nearby Tweets";
			productReference = 816BDA621C102387002A95E1 /* Nearby Tweets.app */;
			productType = "com.apple.product-type.application";
		};
		816BDA781C102388002A95E1 /* Nearby TweetsTests */ = {
			isa = PBXNativeTarget;
			buildConfigurationList = 816BDA901C102388002A95E1 /* Build configuration list for PBXNativeTarget "Nearby TweetsTests" */;
			buildPhases = (
				816BDA751C102388002A95E1 /* Sources */,
				816BDA761C102388002A95E1 /* Frameworks */,
				816BDA771C102388002A95E1 /* Resources */,
			);
			buildRules = (
			);
			dependencies = (
				816BDA7B1C102388002A95E1 /* PBXTargetDependency */,
			);
			name = "Nearby TweetsTests";
			productName = "Nearby TweetsTests";
			productReference = 816BDA791C102388002A95E1 /* Nearby TweetsTests.xctest */;
			productType = "com.apple.product-type.bundle.unit-test";
		};
		816BDA831C102388002A95E1 /* Nearby TweetsUITests */ = {
			isa = PBXNativeTarget;
			buildConfigurationList = 816BDA931C102388002A95E1 /* Build configuration list for PBXNativeTarget "Nearby TweetsUITests" */;
			buildPhases = (
				816BDA801C102388002A95E1 /* Sources */,
				816BDA811C102388002A95E1 /* Frameworks */,
				816BDA821C102388002A95E1 /* Resources */,
			);
			buildRules = (
			);
			dependencies = (
				816BDA861C102388002A95E1 /* PBXTargetDependency */,
			);
			name = "Nearby TweetsUITests";
			productName = "Nearby TweetsUITests";
			productReference = 816BDA841C102388002A95E1 /* Nearby TweetsUITests.xctest */;
			productType = "com.apple.product-type.bundle.ui-testing";
		};
/* End PBXNativeTarget section */

/* Begin PBXProject section */
		816BDA5A1C102387002A95E1 /* Project object */ = {
			isa = PBXProject;
			attributes = {
				LastSwiftUpdateCheck = 0710;
				LastUpgradeCheck = 0710;
				ORGANIZATIONNAME = "David Wayman";
				TargetAttributes = {
					816BDA611C102387002A95E1 = {
						CreatedOnToolsVersion = 7.1.1;
						DevelopmentTeam = V8F47DJJM2;
					};
					816BDA781C102388002A95E1 = {
						CreatedOnToolsVersion = 7.1.1;
						DevelopmentTeam = V8F47DJJM2;
						TestTargetID = 816BDA611C102387002A95E1;
					};
					816BDA831C102388002A95E1 = {
						CreatedOnToolsVersion = 7.1.1;
						DevelopmentTeam = V8F47DJJM2;
						TestTargetID = 816BDA611C102387002A95E1;
					};
				};
			};
			buildConfigurationList = 816BDA5D1C102387002A95E1 /* Build configuration list for PBXProject "Nearby Tweets" */;
			compatibilityVersion = "Xcode 3.2";
			developmentRegion = English;
			hasScannedForEncodings = 0;
			knownRegions = (
				en,
				Base,
			);
			mainGroup = 816BDA591C102387002A95E1;
			productRefGroup = 816BDA631C102387002A95E1 /* Products */;
			projectDirPath = "";
			projectRoot = "";
			targets = (
				816BDA611C102387002A95E1 /* Nearby Tweets */,
				816BDA781C102388002A95E1 /* Nearby TweetsTests */,
				816BDA831C102388002A95E1 /* Nearby TweetsUITests */,
			);
		};
/* End PBXProject section */

/* Begin PBXResourcesBuildPhase section */
		816BDA601C102387002A95E1 /* Resources */ = {
			isa = PBXResourcesBuildPhase;
			buildActionMask = 2147483647;
			files = (
				81A38E791C22447C00587AE8 /* Podfile in Resources */,
				810E15BD1C114F3E0030F97C /* TwitterKitResources.bundle in Resources */,
				816BDA731C102388002A95E1 /* LaunchScreen.storyboard in Resources */,
				816BDA701C102388002A95E1 /* Assets.xcassets in Resources */,
				816BDA6B1C102388002A95E1 /* Main.storyboard in Resources */,
			);
			runOnlyForDeploymentPostprocessing = 0;
		};
		816BDA771C102388002A95E1 /* Resources */ = {
			isa = PBXResourcesBuildPhase;
			buildActionMask = 2147483647;
			files = (
			);
			runOnlyForDeploymentPostprocessing = 0;
		};
		816BDA821C102388002A95E1 /* Resources */ = {
			isa = PBXResourcesBuildPhase;
			buildActionMask = 2147483647;
			files = (
			);
			runOnlyForDeploymentPostprocessing = 0;
		};
/* End PBXResourcesBuildPhase section */

/* Begin PBXShellScriptBuildPhase section */
		37528EC47FA923D9C2BAB716 /* Check Pods Manifest.lock */ = {
			isa = PBXShellScriptBuildPhase;
			buildActionMask = 2147483647;
			files = (
			);
			inputPaths = (
			);
			name = "Check Pods Manifest.lock";
			outputPaths = (
			);
			runOnlyForDeploymentPostprocessing = 0;
			shellPath = /bin/sh;
			shellScript = "diff \"${PODS_ROOT}/../Podfile.lock\" \"${PODS_ROOT}/Manifest.lock\" > /dev/null\nif [[ $? != 0 ]] ; then\n    cat << EOM\nerror: The sandbox is not in sync with the Podfile.lock. Run 'pod install' or update your CocoaPods installation.\nEOM\n    exit 1\nfi\n";
			showEnvVarsInLog = 0;
		};
		74CBA426614B3CA4CC31D34D /* Copy Pods Resources */ = {
			isa = PBXShellScriptBuildPhase;
			buildActionMask = 2147483647;
			files = (
			);
			inputPaths = (
			);
			name = "Copy Pods Resources";
			outputPaths = (
			);
			runOnlyForDeploymentPostprocessing = 0;
			shellPath = /bin/sh;
			shellScript = "\"${SRCROOT}/Pods/Target Support Files/Pods/Pods-resources.sh\"\n";
			showEnvVarsInLog = 0;
		};
		810E15B61C114ED40030F97C /* ShellScript */ = {
			isa = PBXShellScriptBuildPhase;
			buildActionMask = 2147483647;
			files = (
			);
			inputPaths = (
			);
			outputPaths = (
			);
			runOnlyForDeploymentPostprocessing = 0;
			shellPath = /bin/sh;
			shellScript = "./Fabric.framework/run beee3cfac2bddc9ee647b6ded80ede92cb323676 041ce34489d12f9fa95f05261dc4df4f477c0e3797e906e5f590d3c2eb533179";
		};
		C148CDC8931093D7ADAC09CE /* Embed Pods Frameworks */ = {
			isa = PBXShellScriptBuildPhase;
			buildActionMask = 2147483647;
			files = (
			);
			inputPaths = (
			);
			name = "Embed Pods Frameworks";
			outputPaths = (
			);
			runOnlyForDeploymentPostprocessing = 0;
			shellPath = /bin/sh;
			shellScript = "\"${SRCROOT}/Pods/Target Support Files/Pods/Pods-frameworks.sh\"\n";
			showEnvVarsInLog = 0;
		};
/* End PBXShellScriptBuildPhase section */

/* Begin PBXSourcesBuildPhase section */
		816BDA5E1C102387002A95E1 /* Sources */ = {
			isa = PBXSourcesBuildPhase;
			buildActionMask = 2147483647;
			files = (
				816BDA681C102387002A95E1 /* TweetsViewController.swift in Sources */,
				8176B3411C194619005F2A23 /* TimelineViewController.swift in Sources */,
				816BDA6E1C102388002A95E1 /* Nearby_Tweets.xcdatamodeld in Sources */,
				816BDA661C102387002A95E1 /* AppDelegate.swift in Sources */,
			);
			runOnlyForDeploymentPostprocessing = 0;
		};
		816BDA751C102388002A95E1 /* Sources */ = {
			isa = PBXSourcesBuildPhase;
			buildActionMask = 2147483647;
			files = (
				816BDA7E1C102388002A95E1 /* Nearby_TweetsTests.swift in Sources */,
			);
			runOnlyForDeploymentPostprocessing = 0;
		};
		816BDA801C102388002A95E1 /* Sources */ = {
			isa = PBXSourcesBuildPhase;
			buildActionMask = 2147483647;
			files = (
				816BDA891C102388002A95E1 /* Nearby_TweetsUITests.swift in Sources */,
			);
			runOnlyForDeploymentPostprocessing = 0;
		};
/* End PBXSourcesBuildPhase section */

/* Begin PBXTargetDependency section */
		816BDA7B1C102388002A95E1 /* PBXTargetDependency */ = {
			isa = PBXTargetDependency;
			target = 816BDA611C102387002A95E1 /* Nearby Tweets */;
			targetProxy = 816BDA7A1C102388002A95E1 /* PBXContainerItemProxy */;
		};
		816BDA861C102388002A95E1 /* PBXTargetDependency */ = {
			isa = PBXTargetDependency;
			target = 816BDA611C102387002A95E1 /* Nearby Tweets */;
			targetProxy = 816BDA851C102388002A95E1 /* PBXContainerItemProxy */;
		};
/* End PBXTargetDependency section */

/* Begin PBXVariantGroup section */
		816BDA691C102388002A95E1 /* Main.storyboard */ = {
			isa = PBXVariantGroup;
			children = (
				816BDA6A1C102388002A95E1 /* Base */,
			);
			name = Main.storyboard;
			sourceTree = "<group>";
		};
		816BDA711C102388002A95E1 /* LaunchScreen.storyboard */ = {
			isa = PBXVariantGroup;
			children = (
				816BDA721C102388002A95E1 /* Base */,
			);
			name = LaunchScreen.storyboard;
			sourceTree = "<group>";
		};
/* End PBXVariantGroup section */

/* Begin XCBuildConfiguration section */
		816BDA8B1C102388002A95E1 /* Debug */ = {
			isa = XCBuildConfiguration;
			buildSettings = {
				ALWAYS_SEARCH_USER_PATHS = NO;
				CLANG_CXX_LANGUAGE_STANDARD = "gnu++0x";
				CLANG_CXX_LIBRARY = "libc++";
				CLANG_ENABLE_MODULES = YES;
				CLANG_ENABLE_OBJC_ARC = YES;
				CLANG_WARN_BOOL_CONVERSION = YES;
				CLANG_WARN_CONSTANT_CONVERSION = YES;
				CLANG_WARN_DIRECT_OBJC_ISA_USAGE = YES_ERROR;
				CLANG_WARN_EMPTY_BODY = YES;
				CLANG_WARN_ENUM_CONVERSION = YES;
				CLANG_WARN_INT_CONVERSION = YES;
				CLANG_WARN_OBJC_ROOT_CLASS = YES_ERROR;
				CLANG_WARN_UNREACHABLE_CODE = YES;
				CLANG_WARN__DUPLICATE_METHOD_MATCH = YES;
				"CODE_SIGN_IDENTITY[sdk=iphoneos*]" = "iPhone Developer";
				COPY_PHASE_STRIP = NO;
				DEBUG_INFORMATION_FORMAT = dwarf;
				ENABLE_STRICT_OBJC_MSGSEND = YES;
				ENABLE_TESTABILITY = YES;
				GCC_C_LANGUAGE_STANDARD = gnu99;
				GCC_DYNAMIC_NO_PIC = NO;
				GCC_NO_COMMON_BLOCKS = YES;
				GCC_OPTIMIZATION_LEVEL = 0;
				GCC_PREPROCESSOR_DEFINITIONS = (
					"DEBUG=1",
					"$(inherited)",
				);
				GCC_WARN_64_TO_32_BIT_CONVERSION = YES;
				GCC_WARN_ABOUT_RETURN_TYPE = YES_ERROR;
				GCC_WARN_UNDECLARED_SELECTOR = YES;
				GCC_WARN_UNINITIALIZED_AUTOS = YES_AGGRESSIVE;
				GCC_WARN_UNUSED_FUNCTION = YES;
				GCC_WARN_UNUSED_VARIABLE = YES;
				IPHONEOS_DEPLOYMENT_TARGET = 9.1;
				MTL_ENABLE_DEBUG_INFO = YES;
				ONLY_ACTIVE_ARCH = YES;
				SDKROOT = iphoneos;
				SWIFT_OPTIMIZATION_LEVEL = "-Onone";
			};
			name = Debug;
		};
		816BDA8C1C102388002A95E1 /* Release */ = {
			isa = XCBuildConfiguration;
			buildSettings = {
				ALWAYS_SEARCH_USER_PATHS = NO;
				CLANG_CXX_LANGUAGE_STANDARD = "gnu++0x";
				CLANG_CXX_LIBRARY = "libc++";
				CLANG_ENABLE_MODULES = YES;
				CLANG_ENABLE_OBJC_ARC = YES;
				CLANG_WARN_BOOL_CONVERSION = YES;
				CLANG_WARN_CONSTANT_CONVERSION = YES;
				CLANG_WARN_DIRECT_OBJC_ISA_USAGE = YES_ERROR;
				CLANG_WARN_EMPTY_BODY = YES;
				CLANG_WARN_ENUM_CONVERSION = YES;
				CLANG_WARN_INT_CONVERSION = YES;
				CLANG_WARN_OBJC_ROOT_CLASS = YES_ERROR;
				CLANG_WARN_UNREACHABLE_CODE = YES;
				CLANG_WARN__DUPLICATE_METHOD_MATCH = YES;
				"CODE_SIGN_IDENTITY[sdk=iphoneos*]" = "iPhone Developer";
				COPY_PHASE_STRIP = NO;
				DEBUG_INFORMATION_FORMAT = "dwarf-with-dsym";
				ENABLE_NS_ASSERTIONS = NO;
				ENABLE_STRICT_OBJC_MSGSEND = YES;
				GCC_C_LANGUAGE_STANDARD = gnu99;
				GCC_NO_COMMON_BLOCKS = YES;
				GCC_WARN_64_TO_32_BIT_CONVERSION = YES;
				GCC_WARN_ABOUT_RETURN_TYPE = YES_ERROR;
				GCC_WARN_UNDECLARED_SELECTOR = YES;
				GCC_WARN_UNINITIALIZED_AUTOS = YES_AGGRESSIVE;
				GCC_WARN_UNUSED_FUNCTION = YES;
				GCC_WARN_UNUSED_VARIABLE = YES;
				IPHONEOS_DEPLOYMENT_TARGET = 9.1;
				MTL_ENABLE_DEBUG_INFO = NO;
				SDKROOT = iphoneos;
				VALIDATE_PRODUCT = YES;
			};
			name = Release;
		};
		816BDA8E1C102388002A95E1 /* Debug */ = {
			isa = XCBuildConfiguration;
			baseConfigurationReference = 260A61CEB658D8D390BE6E80 /* Pods.debug.xcconfig */;
			buildSettings = {
				ASSETCATALOG_COMPILER_APPICON_NAME = AppIcon;
				FRAMEWORK_SEARCH_PATHS = (
					"$(inherited)",
					"$(PROJECT_DIR)",
				);
				INFOPLIST_FILE = "Nearby Tweets/Info.plist";
				LD_RUNPATH_SEARCH_PATHS = "$(inherited) @executable_path/Frameworks";
				PRODUCT_BUNDLE_IDENTIFIER = "CCSF.Nearby-Tweets";
				PRODUCT_NAME = "$(TARGET_NAME)";
			};
			name = Debug;
		};
		816BDA8F1C102388002A95E1 /* Release */ = {
			isa = XCBuildConfiguration;
			baseConfigurationReference = 4C77F6C212425208733AF431 /* Pods.release.xcconfig */;
			buildSettings = {
				ASSETCATALOG_COMPILER_APPICON_NAME = AppIcon;
				FRAMEWORK_SEARCH_PATHS = (
					"$(inherited)",
					"$(PROJECT_DIR)",
				);
				INFOPLIST_FILE = "Nearby Tweets/Info.plist";
				LD_RUNPATH_SEARCH_PATHS = "$(inherited) @executable_path/Frameworks";
				PRODUCT_BUNDLE_IDENTIFIER = "CCSF.Nearby-Tweets";
				PRODUCT_NAME = "$(TARGET_NAME)";
			};
			name = Release;
		};
		816BDA911C102388002A95E1 /* Debug */ = {
			isa = XCBuildConfiguration;
			buildSettings = {
				BUNDLE_LOADER = "$(TEST_HOST)";
				INFOPLIST_FILE = "Nearby TweetsTests/Info.plist";
				LD_RUNPATH_SEARCH_PATHS = "$(inherited) @executable_path/Frameworks @loader_path/Frameworks";
				PRODUCT_BUNDLE_IDENTIFIER = "CCSF.Nearby-TweetsTests";
				PRODUCT_NAME = "$(TARGET_NAME)";
				TEST_HOST = "$(BUILT_PRODUCTS_DIR)/Nearby Tweets.app/Nearby Tweets";
			};
			name = Debug;
		};
		816BDA921C102388002A95E1 /* Release */ = {
			isa = XCBuildConfiguration;
			buildSettings = {
				BUNDLE_LOADER = "$(TEST_HOST)";
				INFOPLIST_FILE = "Nearby TweetsTests/Info.plist";
				LD_RUNPATH_SEARCH_PATHS = "$(inherited) @executable_path/Frameworks @loader_path/Frameworks";
				PRODUCT_BUNDLE_IDENTIFIER = "CCSF.Nearby-TweetsTests";
				PRODUCT_NAME = "$(TARGET_NAME)";
				TEST_HOST = "$(BUILT_PRODUCTS_DIR)/Nearby Tweets.app/Nearby Tweets";
			};
			name = Release;
		};
		816BDA941C102388002A95E1 /* Debug */ = {
			isa = XCBuildConfiguration;
			buildSettings = {
				INFOPLIST_FILE = "Nearby TweetsUITests/Info.plist";
				LD_RUNPATH_SEARCH_PATHS = "$(inherited) @executable_path/Frameworks @loader_path/Frameworks";
				PRODUCT_BUNDLE_IDENTIFIER = "CCSF.Nearby-TweetsUITests";
				PRODUCT_NAME = "$(TARGET_NAME)";
				TEST_TARGET_NAME = "Nearby Tweets";
				USES_XCTRUNNER = YES;
			};
			name = Debug;
		};
		816BDA951C102388002A95E1 /* Release */ = {
			isa = XCBuildConfiguration;
			buildSettings = {
				INFOPLIST_FILE = "Nearby TweetsUITests/Info.plist";
				LD_RUNPATH_SEARCH_PATHS = "$(inherited) @executable_path/Frameworks @loader_path/Frameworks";
				PRODUCT_BUNDLE_IDENTIFIER = "CCSF.Nearby-TweetsUITests";
				PRODUCT_NAME = "$(TARGET_NAME)";
				TEST_TARGET_NAME = "Nearby Tweets";
				USES_XCTRUNNER = YES;
			};
			name = Release;
		};
/* End XCBuildConfiguration section */

/* Begin XCConfigurationList section */
		816BDA5D1C102387002A95E1 /* Build configuration list for PBXProject "Nearby Tweets" */ = {
			isa = XCConfigurationList;
			buildConfigurations = (
				816BDA8B1C102388002A95E1 /* Debug */,
				816BDA8C1C102388002A95E1 /* Release */,
			);
			defaultConfigurationIsVisible = 0;
			defaultConfigurationName = Release;
		};
		816BDA8D1C102388002A95E1 /* Build configuration list for PBXNativeTarget "Nearby Tweets" */ = {
			isa = XCConfigurationList;
			buildConfigurations = (
				816BDA8E1C102388002A95E1 /* Debug */,
				816BDA8F1C102388002A95E1 /* Release */,
			);
			defaultConfigurationIsVisible = 0;
			defaultConfigurationName = Release;
		};
		816BDA901C102388002A95E1 /* Build configuration list for PBXNativeTarget "Nearby TweetsTests" */ = {
			isa = XCConfigurationList;
			buildConfigurations = (
				816BDA911C102388002A95E1 /* Debug */,
				816BDA921C102388002A95E1 /* Release */,
			);
			defaultConfigurationIsVisible = 0;
			defaultConfigurationName = Release;
		};
		816BDA931C102388002A95E1 /* Build configuration list for PBXNativeTarget "Nearby TweetsUITests" */ = {
			isa = XCConfigurationList;
			buildConfigurations = (
				816BDA941C102388002A95E1 /* Debug */,
				816BDA951C102388002A95E1 /* Release */,
			);
			defaultConfigurationIsVisible = 0;
			defaultConfigurationName = Release;
		};
/* End XCConfigurationList section */

/* Begin XCVersionGroup section */
		816BDA6C1C102388002A95E1 /* Nearby_Tweets.xcdatamodeld */ = {
			isa = XCVersionGroup;
			children = (
				816BDA6D1C102388002A95E1 /* Nearby_Tweets.xcdatamodel */,
			);
			currentVersion = 816BDA6D1C102388002A95E1 /* Nearby_Tweets.xcdatamodel */;
			path = Nearby_Tweets.xcdatamodeld;
			sourceTree = "<group>";
			versionGroupType = wrapper.xcdatamodel;
		};
/* End XCVersionGroup section */
	};
	rootObject = 816BDA5A1C102387002A95E1 /* Project object */;
}
